
Microsoft Visual Studio Solution File, Format Version 12.00
# Visual Studio Version 17
VisualStudioVersion = 17.8.34511.84
MinimumVisualStudioVersion = 10.0.40219.1
Project("{FAE04EC0-301F-11D3-BF4B-00C04F79EFBC}") = "ComputerPlusPlusCreditsTab", "ComputerPlusPlusCreditsTab.csproj", "{428C0AAA-F909-47C0-8600-0431C373431D}"
EndProject
Global
	GlobalSection(SolutionConfigurationPlatforms) = preSolution
		Debug|Any CPU = Debug|Any CPU
		Release|Any CPU = Release|Any CPU
	EndGlobalSection
	GlobalSection(ProjectConfigurationPlatforms) = postSolution
		{428C0AAA-F909-47C0-8600-0431C373431D}.Debug|Any CPU.ActiveCfg = Debug|Any CPU
		{428C0AAA-F909-47C0-8600-0431C373431D}.Debug|Any CPU.Build.0 = Debug|Any CPU
		{428C0AAA-F909-47C0-8600-0431C373431D}.Release|Any CPU.ActiveCfg = Release|Any CPU
		{428C0AAA-F909-47C0-8600-0431C373431D}.Release|Any CPU.Build.0 = Release|Any CPU
	EndGlobalSection
	GlobalSection(SolutionProperties) = preSolution
		HideSolutionNode = FALSE
	EndGlobalSection
	GlobalSection(ExtensibilityGlobals) = postSolution
		SolutionGuid = {E11B2A6D-A43D-4A8B-B249-719D4CE665A2}
	EndGlobalSection
EndGlobal
